// !$*UTF8*$!
{
	archiveVersion = 1;
	classes = {
	};
	objectVersion = 50;
	objects = {

/* Begin PBXBuildFile section */
		4968EF3D248BB4CB0043C5DE /* AppDelegate.swift in Sources */ = {isa = PBXBuildFile; fileRef = 4968EF3C248BB4CB0043C5DE /* AppDelegate.swift */; };
		4968EF3F248BB4CB0043C5DE /* SceneDelegate.swift in Sources */ = {isa = PBXBuildFile; fileRef = 4968EF3E248BB4CB0043C5DE /* SceneDelegate.swift */; };
		4968EF41248BB4CB0043C5DE /* ViewController.swift in Sources */ = {isa = PBXBuildFile; fileRef = 4968EF40248BB4CB0043C5DE /* ViewController.swift */; };
		4968EF44248BB4CB0043C5DE /* Main.storyboard in Resources */ = {isa = PBXBuildFile; fileRef = 4968EF42248BB4CB0043C5DE /* Main.storyboard */; };
		4968EF46248BB4CC0043C5DE /* Assets.xcassets in Resources */ = {isa = PBXBuildFile; fileRef = 4968EF45248BB4CC0043C5DE /* Assets.xcassets */; };
		4968EF49248BB4CC0043C5DE /* LaunchScreen.storyboard in Resources */ = {isa = PBXBuildFile; fileRef = 4968EF47248BB4CC0043C5DE /* LaunchScreen.storyboard */; };
		4968EF79248BB5AB0043C5DE /* SummerPlayerView.framework in Frameworks */ = {isa = PBXBuildFile; fileRef = 4968EF78248BB5A60043C5DE /* SummerPlayerView.framework */; };
		4968EF7A248BB5AB0043C5DE /* SummerPlayerView.framework in Embed Frameworks */ = {isa = PBXBuildFile; fileRef = 4968EF78248BB5A60043C5DE /* SummerPlayerView.framework */; settings = {ATTRIBUTES = (CodeSignOnCopy, RemoveHeadersOnCopy, ); }; };
/* End PBXBuildFile section */

/* Begin PBXContainerItemProxy section */
		4968EF77248BB5A60043C5DE /* PBXContainerItemProxy */ = {
			isa = PBXContainerItemProxy;
			containerPortal = 4968EF73248BB5A60043C5DE /* SummerPlayerView.xcodeproj */;
			proxyType = 2;
			remoteGlobalIDString = 4968EF5A248BB4F00043C5DE;
			remoteInfo = SummerPlayerView;
		};
/* End PBXContainerItemProxy section */

/* Begin PBXCopyFilesBuildPhase section */
		4968EF70248BB5660043C5DE /* Embed Frameworks */ = {
			isa = PBXCopyFilesBuildPhase;
			buildActionMask = 2147483647;
			dstPath = "";
			dstSubfolderSpec = 10;
			files = (
				4968EF7A248BB5AB0043C5DE /* SummerPlayerView.framework in Embed Frameworks */,
			);
			name = "Embed Frameworks";
			runOnlyForDeploymentPostprocessing = 0;
		};
/* End PBXCopyFilesBuildPhase section */

/* Begin PBXFileReference section */
		4968EF39248BB4CB0043C5DE /* SummerPlayerViewDemo.app */ = {isa = PBXFileReference; explicitFileType = wrapper.application; includeInIndex = 0; path = SummerPlayerViewDemo.app; sourceTree = BUILT_PRODUCTS_DIR; };
		4968EF3C248BB4CB0043C5DE /* AppDelegate.swift */ = {isa = PBXFileReference; lastKnownFileType = sourcecode.swift; path = AppDelegate.swift; sourceTree = "<group>"; };
		4968EF3E248BB4CB0043C5DE /* SceneDelegate.swift */ = {isa = PBXFileReference; lastKnownFileType = sourcecode.swift; path = SceneDelegate.swift; sourceTree = "<group>"; };
		4968EF40248BB4CB0043C5DE /* ViewController.swift */ = {isa = PBXFileReference; lastKnownFileType = sourcecode.swift; path = ViewController.swift; sourceTree = "<group>"; };
		4968EF43248BB4CB0043C5DE /* Base */ = {isa = PBXFileReference; lastKnownFileType = file.storyboard; name = Base; path = Base.lproj/Main.storyboard; sourceTree = "<group>"; };
		4968EF45248BB4CC0043C5DE /* Assets.xcassets */ = {isa = PBXFileReference; lastKnownFileType = folder.assetcatalog; path = Assets.xcassets; sourceTree = "<group>"; };
		4968EF48248BB4CC0043C5DE /* Base */ = {isa = PBXFileReference; lastKnownFileType = file.storyboard; name = Base; path = Base.lproj/LaunchScreen.storyboard; sourceTree = "<group>"; };
		4968EF4A248BB4CC0043C5DE /* Info.plist */ = {isa = PBXFileReference; lastKnownFileType = text.plist.xml; path = Info.plist; sourceTree = "<group>"; };
		4968EF73248BB5A60043C5DE /* SummerPlayerView.xcodeproj */ = {isa = PBXFileReference; lastKnownFileType = "wrapper.pb-project"; name = SummerPlayerView.xcodeproj; path = SummerPlayerView/SummerPlayerView.xcodeproj; sourceTree = "<group>"; };
/* End PBXFileReference section */

/* Begin PBXFrameworksBuildPhase section */
		4968EF36248BB4CB0043C5DE /* Frameworks */ = {
			isa = PBXFrameworksBuildPhase;
			buildActionMask = 2147483647;
			files = (
				4968EF79248BB5AB0043C5DE /* SummerPlayerView.framework in Frameworks */,
			);
			runOnlyForDeploymentPostprocessing = 0;
		};
/* End PBXFrameworksBuildPhase section */

/* Begin PBXGroup section */
		4968EF30248BB4CB0043C5DE = {
			isa = PBXGroup;
			children = (
				4968EF73248BB5A60043C5DE /* SummerPlayerView.xcodeproj */,
				4968EF3B248BB4CB0043C5DE /* SummerPlayerViewDemo */,
				4968EF3A248BB4CB0043C5DE /* Products */,
				4968EF6D248BB5660043C5DE /* Frameworks */,
			);
			sourceTree = "<group>";
		};
		4968EF3A248BB4CB0043C5DE /* Products */ = {
			isa = PBXGroup;
			children = (
				4968EF39248BB4CB0043C5DE /* SummerPlayerViewDemo.app */,
			);
			name = Products;
			sourceTree = "<group>";
		};
		4968EF3B248BB4CB0043C5DE /* SummerPlayerViewDemo */ = {
			isa = PBXGroup;
			children = (
				4968EF3C248BB4CB0043C5DE /* AppDelegate.swift */,
				4968EF3E248BB4CB0043C5DE /* SceneDelegate.swift */,
				4968EF40248BB4CB0043C5DE /* ViewController.swift */,
				4968EF42248BB4CB0043C5DE /* Main.storyboard */,
				4968EF45248BB4CC0043C5DE /* Assets.xcassets */,
				4968EF47248BB4CC0043C5DE /* LaunchScreen.storyboard */,
				4968EF4A248BB4CC0043C5DE /* Info.plist */,
			);
			path = SummerPlayerViewDemo;
			sourceTree = "<group>";
		};
		4968EF6D248BB5660043C5DE /* Frameworks */ = {
			isa = PBXGroup;
			children = (
			);
			name = Frameworks;
			sourceTree = "<group>";
		};
		4968EF74248BB5A60043C5DE /* Products */ = {
			isa = PBXGroup;
			children = (
				4968EF78248BB5A60043C5DE /* SummerPlayerView.framework */,
			);
			name = Products;
			sourceTree = "<group>";
		};
/* End PBXGroup section */

/* Begin PBXNativeTarget section */
		4968EF38248BB4CB0043C5DE /* SummerPlayerViewDemo */ = {
			isa = PBXNativeTarget;
			buildConfigurationList = 4968EF4D248BB4CC0043C5DE /* Build configuration list for PBXNativeTarget "SummerPlayerViewDemo" */;
			buildPhases = (
				4968EF35248BB4CB0043C5DE /* Sources */,
				4968EF36248BB4CB0043C5DE /* Frameworks */,
				4968EF37248BB4CB0043C5DE /* Resources */,
				4968EF70248BB5660043C5DE /* Embed Frameworks */,
			);
			buildRules = (
			);
			dependencies = (
			);
			name = SummerPlayerViewDemo;
			productName = SummerPlayerViewDemo;
			productReference = 4968EF39248BB4CB0043C5DE /* SummerPlayerViewDemo.app */;
			productType = "com.apple.product-type.application";
		};
/* End PBXNativeTarget section */

/* Begin PBXProject section */
		4968EF31248BB4CB0043C5DE /* Project object */ = {
			isa = PBXProject;
			attributes = {
				LastSwiftUpdateCheck = 1140;
				LastUpgradeCheck = 1140;
				ORGANIZATIONNAME = Derrick;
				TargetAttributes = {
					4968EF38248BB4CB0043C5DE = {
						CreatedOnToolsVersion = 11.4;
					};
				};
			};
			buildConfigurationList = 4968EF34248BB4CB0043C5DE /* Build configuration list for PBXProject "SummerPlayerViewDemo" */;
			compatibilityVersion = "Xcode 9.3";
			developmentRegion = en;
			hasScannedForEncodings = 0;
			knownRegions = (
				en,
				Base,
			);
			mainGroup = 4968EF30248BB4CB0043C5DE;
			productRefGroup = 4968EF3A248BB4CB0043C5DE /* Products */;
			projectDirPath = "";
			projectReferences = (
				{
					ProductGroup = 4968EF74248BB5A60043C5DE /* Products */;
					ProjectRef = 4968EF73248BB5A60043C5DE /* SummerPlayerView.xcodeproj */;
				},
			);
			projectRoot = "";
			targets = (
				4968EF38248BB4CB0043C5DE /* SummerPlayerViewDemo */,
			);
		};
/* End PBXProject section */

/* Begin PBXReferenceProxy section */
		4968EF78248BB5A60043C5DE /* SummerPlayerView.framework */ = {
			isa = PBXReferenceProxy;
			fileType = wrapper.framework;
			path = SummerPlayerView.framework;
			remoteRef = 4968EF77248BB5A60043C5DE /* PBXContainerItemProxy */;
			sourceTree = BUILT_PRODUCTS_DIR;
		};
/* End PBXReferenceProxy section */

/* Begin PBXResourcesBuildPhase section */
		4968EF37248BB4CB0043C5DE /* Resources */ = {
			isa = PBXResourcesBuildPhase;
			buildActionMask = 2147483647;
			files = (
				4968EF49248BB4CC0043C5DE /* LaunchScreen.storyboard in Resources */,
				4968EF46248BB4CC0043C5DE /* Assets.xcassets in Resources */,
				4968EF44248BB4CB0043C5DE /* Main.storyboard in Resources */,
			);
			runOnlyForDeploymentPostprocessing = 0;
		};
/* End PBXResourcesBuildPhase section */

/* Begin PBXSourcesBuildPhase section */
		4968EF35248BB4CB0043C5DE /* Sources */ = {
			isa = PBXSourcesBuildPhase;
			buildActionMask = 2147483647;
			files = (
				4968EF41248BB4CB0043C5DE /* ViewController.swift in Sources */,
				4968EF3D248BB4CB0043C5DE /* AppDelegate.swift in Sources */,
				4968EF3F248BB4CB0043C5DE /* SceneDelegate.swift in Sources */,
			);
			runOnlyForDeploymentPostprocessing = 0;
		};
/* End PBXSourcesBuildPhase section */

/* Begin PBXVariantGroup section */
		4968EF42248BB4CB0043C5DE /* Main.storyboard */ = {
			isa = PBXVariantGroup;
			children = (
				4968EF43248BB4CB0043C5DE /* Base */,
			);
			name = Main.storyboard;
			sourceTree = "<group>";
		};
		4968EF47248BB4CC0043C5DE /* LaunchScreen.storyboard */ = {
			isa = PBXVariantGroup;
			children = (
				4968EF48248BB4CC0043C5DE /* Base */,
			);
			name = LaunchScreen.storyboard;
			sourceTree = "<group>";
		};
/* End PBXVariantGroup section */

/* Begin XCBuildConfiguration section */
		4968EF4B248BB4CC0043C5DE /* Debug */ = {
			isa = XCBuildConfiguration;
			buildSettings = {
				ALWAYS_SEARCH_USER_PATHS = NO;
				CLANG_ANALYZER_NONNULL = YES;
				CLANG_ANALYZER_NUMBER_OBJECT_CONVERSION = YES_AGGRESSIVE;
				CLANG_CXX_LANGUAGE_STANDARD = "gnu++14";
				CLANG_CXX_LIBRARY = "libc++";
				CLANG_ENABLE_MODULES = YES;
				CLANG_ENABLE_OBJC_ARC = YES;
				CLANG_ENABLE_OBJC_WEAK = YES;
				CLANG_WARN_BLOCK_CAPTURE_AUTORELEASING = YES;
				CLANG_WARN_BOOL_CONVERSION = YES;
				CLANG_WARN_COMMA = YES;
				CLANG_WARN_CONSTANT_CONVERSION = YES;
				CLANG_WARN_DEPRECATED_OBJC_IMPLEMENTATIONS = YES;
				CLANG_WARN_DIRECT_OBJC_ISA_USAGE = YES_ERROR;
				CLANG_WARN_DOCUMENTATION_COMMENTS = YES;
				CLANG_WARN_EMPTY_BODY = YES;
				CLANG_WARN_ENUM_CONVERSION = YES;
				CLANG_WARN_INFINITE_RECURSION = YES;
				CLANG_WARN_INT_CONVERSION = YES;
				CLANG_WARN_NON_LITERAL_NULL_CONVERSION = YES;
				CLANG_WARN_OBJC_IMPLICIT_RETAIN_SELF = YES;
				CLANG_WARN_OBJC_LITERAL_CONVERSION = YES;
				CLANG_WARN_OBJC_ROOT_CLASS = YES_ERROR;
				CLANG_WARN_RANGE_LOOP_ANALYSIS = YES;
				CLANG_WARN_STRICT_PROTOTYPES = YES;
				CLANG_WARN_SUSPICIOUS_MOVE = YES;
				CLANG_WARN_UNGUARDED_AVAILABILITY = YES_AGGRESSIVE;
				CLANG_WARN_UNREACHABLE_CODE = YES;
				CLANG_WARN__DUPLICATE_METHOD_MATCH = YES;
				COPY_PHASE_STRIP = NO;
				DEBUG_INFORMATION_FORMAT = dwarf;
				ENABLE_STRICT_OBJC_MSGSEND = YES;
				ENABLE_TESTABILITY = YES;
				GCC_C_LANGUAGE_STANDARD = gnu11;
				GCC_DYNAMIC_NO_PIC = NO;
				GCC_NO_COMMON_BLOCKS = YES;
				GCC_OPTIMIZATION_LEVEL = 0;
				GCC_PREPROCESSOR_DEFINITIONS = (
					"DEBUG=1",
					"$(inherited)",
				);
				GCC_WARN_64_TO_32_BIT_CONVERSION = YES;
				GCC_WARN_ABOUT_RETURN_TYPE = YES_ERROR;
				GCC_WARN_UNDECLARED_SELECTOR = YES;
				GCC_WARN_UNINITIALIZED_AUTOS = YES_AGGRESSIVE;
				GCC_WARN_UNUSED_FUNCTION = YES;
				GCC_WARN_UNUSED_VARIABLE = YES;
				IPHONEOS_DEPLOYMENT_TARGET = 13.4;
				MTL_ENABLE_DEBUG_INFO = INCLUDE_SOURCE;
				MTL_FAST_MATH = YES;
				ONLY_ACTIVE_ARCH = YES;
				SDKROOT = iphoneos;
				SWIFT_ACTIVE_COMPILATION_CONDITIONS = DEBUG;
				SWIFT_OPTIMIZATION_LEVEL = "-Onone";
			};
			name = Debug;
		};
		4968EF4C248BB4CC0043C5DE /* Release */ = {
			isa = XCBuildConfiguration;
			buildSettings = {
				ALWAYS_SEARCH_USER_PATHS = NO;
				CLANG_ANALYZER_NONNULL = YES;
				CLANG_ANALYZER_NUMBER_OBJECT_CONVERSION = YES_AGGRESSIVE;
				CLANG_CXX_LANGUAGE_STANDARD = "gnu++14";
				CLANG_CXX_LIBRARY = "libc++";
				CLANG_ENABLE_MODULES = YES;
				CLANG_ENABLE_OBJC_ARC = YES;
				CLANG_ENABLE_OBJC_WEAK = YES;
				CLANG_WARN_BLOCK_CAPTURE_AUTORELEASING = YES;
				CLANG_WARN_BOOL_CONVERSION = YES;
				CLANG_WARN_COMMA = YES;
				CLANG_WARN_CONSTANT_CONVERSION = YES;
				CLANG_WARN_DEPRECATED_OBJC_IMPLEMENTATIONS = YES;
				CLANG_WARN_DIRECT_OBJC_ISA_USAGE = YES_ERROR;
				CLANG_WARN_DOCUMENTATION_COMMENTS = YES;
				CLANG_WARN_EMPTY_BODY = YES;
				CLANG_WARN_ENUM_CONVERSION = YES;
				CLANG_WARN_INFINITE_RECURSION = YES;
				CLANG_WARN_INT_CONVERSION = YES;
				CLANG_WARN_NON_LITERAL_NULL_CONVERSION = YES;
				CLANG_WARN_OBJC_IMPLICIT_RETAIN_SELF = YES;
				CLANG_WARN_OBJC_LITERAL_CONVERSION = YES;
				CLANG_WARN_OBJC_ROOT_CLASS = YES_ERROR;
				CLANG_WARN_RANGE_LOOP_ANALYSIS = YES;
				CLANG_WARN_STRICT_PROTOTYPES = YES;
				CLANG_WARN_SUSPICIOUS_MOVE = YES;
				CLANG_WARN_UNGUARDED_AVAILABILITY = YES_AGGRESSIVE;
				CLANG_WARN_UNREACHABLE_CODE = YES;
				CLANG_WARN__DUPLICATE_METHOD_MATCH = YES;
				COPY_PHASE_STRIP = NO;
				DEBUG_INFORMATION_FORMAT = "dwarf-with-dsym";
				ENABLE_NS_ASSERTIONS = NO;
				ENABLE_STRICT_OBJC_MSGSEND = YES;
				GCC_C_LANGUAGE_STANDARD = gnu11;
				GCC_NO_COMMON_BLOCKS = YES;
				GCC_WARN_64_TO_32_BIT_CONVERSION = YES;
				GCC_WARN_ABOUT_RETURN_TYPE = YES_ERROR;
				GCC_WARN_UNDECLARED_SELECTOR = YES;
				GCC_WARN_UNINITIALIZED_AUTOS = YES_AGGRESSIVE;
				GCC_WARN_UNUSED_FUNCTION = YES;
				GCC_WARN_UNUSED_VARIABLE = YES;
				IPHONEOS_DEPLOYMENT_TARGET = 13.4;
				MTL_ENABLE_DEBUG_INFO = NO;
				MTL_FAST_MATH = YES;
				SDKROOT = iphoneos;
				SWIFT_COMPILATION_MODE = wholemodule;
				SWIFT_OPTIMIZATION_LEVEL = "-O";
				VALIDATE_PRODUCT = YES;
			};
			name = Release;
		};
		4968EF4E248BB4CC0043C5DE /* Debug */ = {
			isa = XCBuildConfiguration;
			buildSettings = {
				ASSETCATALOG_COMPILER_APPICON_NAME = AppIcon;
				CODE_SIGN_STYLE = Automatic;
				DEVELOPMENT_TEAM = D6276SY7D4;
				INFOPLIST_FILE = SummerPlayerViewDemo/Info.plist;
				LD_RUNPATH_SEARCH_PATHS = (
					"$(inherited)",
					"@executable_path/Frameworks",
				);
				PRODUCT_BUNDLE_IDENTIFIER = superbderrick.github.io.SummerPlayerViewDemo.SummerPlayerViewDemo;
				PRODUCT_NAME = "$(TARGET_NAME)";
				SWIFT_VERSION = 5.0;
				TARGETED_DEVICE_FAMILY = "1,2";
			};
			name = Debug;
		};
		4968EF4F248BB4CC0043C5DE /* Release */ = {
			isa = XCBuildConfiguration;
			buildSettings = {
				ASSETCATALOG_COMPILER_APPICON_NAME = AppIcon;
				CODE_SIGN_STYLE = Automatic;
				DEVELOPMENT_TEAM = D6276SY7D4;
				INFOPLIST_FILE = SummerPlayerViewDemo/Info.plist;
				LD_RUNPATH_SEARCH_PATHS = (
					"$(inherited)",
					"@executable_path/Frameworks",
				);
				PRODUCT_BUNDLE_IDENTIFIER = superbderrick.github.io.SummerPlayerViewDemo.SummerPlayerViewDemo;
				PRODUCT_NAME = "$(TARGET_NAME)";
				SWIFT_VERSION = 5.0;
				TARGETED_DEVICE_FAMILY = "1,2";
			};
			name = Release;
		};
/* End XCBuildConfiguration section */

/* Begin XCConfigurationList section */
		4968EF34248BB4CB0043C5DE /* Build configuration list for PBXProject "SummerPlayerViewDemo" */ = {
			isa = XCConfigurationList;
			buildConfigurations = (
				4968EF4B248BB4CC0043C5DE /* Debug */,
				4968EF4C248BB4CC0043C5DE /* Release */,
			);
			defaultConfigurationIsVisible = 0;
			defaultConfigurationName = Release;
		};
		4968EF4D248BB4CC0043C5DE /* Build configuration list for PBXNativeTarget "SummerPlayerViewDemo" */ = {
			isa = XCConfigurationList;
			buildConfigurations = (
				4968EF4E248BB4CC0043C5DE /* Debug */,
				4968EF4F248BB4CC0043C5DE /* Release */,
			);
			defaultConfigurationIsVisible = 0;
			defaultConfigurationName = Release;
		};
/* End XCConfigurationList section */
	};
	rootObject = 4968EF31248BB4CB0043C5DE /* Project object */;
}
